// !$*UTF8*$!
{
	archiveVersion = 1;
	classes = {
	};
	objectVersion = 46;
	objects = {

/* Begin PBXBuildFile section */
		E25299731C11A3C200E829C5 /* main.m in Sources */ = {isa = PBXBuildFile; fileRef = E25299721C11A3C200E829C5 /* main.m */; };
		E25299761C11A3C200E829C5 /* AppDelegate.m in Sources */ = {isa = PBXBuildFile; fileRef = E25299751C11A3C200E829C5 /* AppDelegate.m */; };
		E25299791C11A3C200E829C5 /* ViewController.m in Sources */ = {isa = PBXBuildFile; fileRef = E25299781C11A3C200E829C5 /* ViewController.m */; };
		E252997C1C11A3C200E829C5 /* Main.storyboard in Resources */ = {isa = PBXBuildFile; fileRef = E252997A1C11A3C200E829C5 /* Main.storyboard */; };
		E252997E1C11A3C200E829C5 /* Assets.xcassets in Resources */ = {isa = PBXBuildFile; fileRef = E252997D1C11A3C200E829C5 /* Assets.xcassets */; };
		E25299811C11A3C200E829C5 /* LaunchScreen.storyboard in Resources */ = {isa = PBXBuildFile; fileRef = E252997F1C11A3C200E829C5 /* LaunchScreen.storyboard */; };
/* End PBXBuildFile section */

/* Begin PBXFileReference section */
		E252996E1C11A3C200E829C5 /* Callback_Demo.temp_caseinsensitive_rename.app */ = {isa = PBXFileReference; explicitFileType = wrapper.application; includeInIndex = 0; path = Callback_Demo.temp_caseinsensitive_rename.app; sourceTree = BUILT_PRODUCTS_DIR; };
		E25299721C11A3C200E829C5 /* main.m */ = {isa = PBXFileReference; lastKnownFileType = sourcecode.c.objc; path = main.m; sourceTree = "<group>"; };
		E25299741C11A3C200E829C5 /* AppDelegate.h */ = {isa = PBXFileReference; lastKnownFileType = sourcecode.c.h; path = AppDelegate.h; sourceTree = "<group>"; };
		E25299751C11A3C200E829C5 /* AppDelegate.m */ = {isa = PBXFileReference; lastKnownFileType = sourcecode.c.objc; path = AppDelegate.m; sourceTree = "<group>"; };
		E25299771C11A3C200E829C5 /* ViewController.h */ = {isa = PBXFileReference; lastKnownFileType = sourcecode.c.h; path = ViewController.h; sourceTree = "<group>"; };
		E25299781C11A3C200E829C5 /* ViewController.m */ = {isa = PBXFileReference; lastKnownFileType = sourcecode.c.objc; path = ViewController.m; sourceTree = "<group>"; };
		E252997B1C11A3C200E829C5 /* Base */ = {isa = PBXFileReference; lastKnownFileType = file.storyboard; name = Base; path = Base.lproj/Main.storyboard; sourceTree = "<group>"; };
		E252997D1C11A3C200E829C5 /* Assets.xcassets */ = {isa = PBXFileReference; lastKnownFileType = folder.assetcatalog; path = Assets.xcassets; sourceTree = "<group>"; };
		E25299801C11A3C200E829C5 /* Base */ = {isa = PBXFileReference; lastKnownFileType = file.storyboard; name = Base; path = Base.lproj/LaunchScreen.storyboard; sourceTree = "<group>"; };
		E25299821C11A3C200E829C5 /* Info.plist */ = {isa = PBXFileReference; lastKnownFileType = text.plist.xml; path = Info.plist; sourceTree = "<group>"; };
		E25299881C11A50F00E829C5 /* CallBackDelegate.h */ = {isa = PBXFileReference; fileEncoding = 4; lastKnownFileType = sourcecode.c.h; path = CallBackDelegate.h; sourceTree = "<group>"; };
/* End PBXFileReference section */

/* Begin PBXFrameworksBuildPhase section */
		E252996B1C11A3C200E829C5 /* Frameworks */ = {
			isa = PBXFrameworksBuildPhase;
			buildActionMask = 2147483647;
			files = (
			);
			runOnlyForDeploymentPostprocessing = 0;
		};
/* End PBXFrameworksBuildPhase section */

/* Begin PBXGroup section */
		E25299651C11A3C200E829C5 = {
			isa = PBXGroup;
			children = (
				E25299701C11A3C200E829C5 /* CallBack_Demo */,
				E252996F1C11A3C200E829C5 /* Products */,
			);
			sourceTree = "<group>";
		};
		E252996F1C11A3C200E829C5 /* Products */ = {
			isa = PBXGroup;
			children = (
				E252996E1C11A3C200E829C5 /* Callback_Demo.temp_caseinsensitive_rename.app */,
			);
			name = Products;
			sourceTree = "<group>";
		};
		E25299701C11A3C200E829C5 /* CallBack_Demo */ = {
			isa = PBXGroup;
			children = (
				E25299741C11A3C200E829C5 /* AppDelegate.h */,
				E25299751C11A3C200E829C5 /* AppDelegate.m */,
				E25299771C11A3C200E829C5 /* ViewController.h */,
				E25299781C11A3C200E829C5 /* ViewController.m */,
				E252997A1C11A3C200E829C5 /* Main.storyboard */,
				E25299881C11A50F00E829C5 /* CallBackDelegate.h */,
				E252997D1C11A3C200E829C5 /* Assets.xcassets */,
				E252997F1C11A3C200E829C5 /* LaunchScreen.storyboard */,
				E25299821C11A3C200E829C5 /* Info.plist */,
				E25299711C11A3C200E829C5 /* Supporting Files */,
			);
			path = CallBack_Demo;
			sourceTree = "<group>";
		};
		E25299711C11A3C200E829C5 /* Supporting Files */ = {
			isa = PBXGroup;
			children = (
				E25299721C11A3C200E829C5 /* main.m */,
			);
			name = "Supporting Files";
			sourceTree = "<group>";
		};
/* End PBXGroup section */

/* Begin PBXNativeTarget section */
		E252996D1C11A3C200E829C5 /* CallBack_Demo */ = {
			isa = PBXNativeTarget;
			buildConfigurationList = E25299851C11A3C200E829C5 /* Build configuration list for PBXNativeTarget "CallBack_Demo" */;
			buildPhases = (
				E252996A1C11A3C200E829C5 /* Sources */,
				E252996B1C11A3C200E829C5 /* Frameworks */,
				E252996C1C11A3C200E829C5 /* Resources */,
			);
			buildRules = (
			);
			dependencies = (
			);
			name = CallBack_Demo;
			productName = CallBack_Demo;
			productReference = E252996E1C11A3C200E829C5 /* Callback_Demo.temp_caseinsensitive_rename.app */;
			productType = "com.apple.product-type.application";
		};
/* End PBXNativeTarget section */

/* Begin PBXProject section */
		E25299661C11A3C200E829C5 /* Project object */ = {
			isa = PBXProject;
			attributes = {
				LastUpgradeCheck = 0710;
				ORGANIZATIONNAME = "张润峰";
				TargetAttributes = {
					E252996D1C11A3C200E829C5 = {
						CreatedOnToolsVersion = 7.1.1;
						DevelopmentTeam = 777RZL5E43;
					};
				};
			};
			buildConfigurationList = E25299691C11A3C200E829C5 /* Build configuration list for PBXProject "Callback_Demo" */;
			compatibilityVersion = "Xcode 3.2";
			developmentRegion = English;
			hasScannedForEncodings = 0;
			knownRegions = (
				en,
				Base,
			);
			mainGroup = E25299651C11A3C200E829C5;
			productRefGroup = E252996F1C11A3C200E829C5 /* Products */;
			projectDirPath = "";
			projectRoot = "";
			targets = (
				E252996D1C11A3C200E829C5 /* CallBack_Demo */,
			);
		};
/* End PBXProject section */

/* Begin PBXResourcesBuildPhase section */
		E252996C1C11A3C200E829C5 /* Resources */ = {
			isa = PBXResourcesBuildPhase;
			buildActionMask = 2147483647;
			files = (
				E25299811C11A3C200E829C5 /* LaunchScreen.storyboard in Resources */,
				E252997E1C11A3C200E829C5 /* Assets.xcassets in Resources */,
				E252997C1C11A3C200E829C5 /* Main.storyboard in Resources */,
			);
			runOnlyForDeploymentPostprocessing = 0;
		};
/* End PBXResourcesBuildPhase section */

/* Begin PBXSourcesBuildPhase section */
		E252996A1C11A3C200E829C5 /* Sources */ = {
			isa = PBXSourcesBuildPhase;
			buildActionMask = 2147483647;
			files = (
				E25299791C11A3C200E829C5 /* ViewController.m in Sources */,
				E25299761C11A3C200E829C5 /* AppDelegate.m in Sources */,
				E25299731C11A3C200E829C5 /* main.m in Sources */,
			);
			runOnlyForDeploymentPostprocessing = 0;
		};
/* End PBXSourcesBuildPhase section */

/* Begin PBXVariantGroup section */
		E252997A1C11A3C200E829C5 /* Main.storyboard */ = {
			isa = PBXVariantGroup;
			children = (
				E252997B1C11A3C200E829C5 /* Base */,
			);
			name = Main.storyboard;
			sourceTree = "<group>";
		};
		E252997F1C11A3C200E829C5 /* LaunchScreen.storyboard */ = {
			isa = PBXVariantGroup;
			children = (
				E25299801C11A3C200E829C5 /* Base */,
			);
			name = LaunchScreen.storyboard;
			sourceTree = "<group>";
		};
/* End PBXVariantGroup section */

/* Begin XCBuildConfiguration section */
		E25299831C11A3C200E829C5 /* Debug */ = {
			isa = XCBuildConfiguration;
			buildSettings = {
				ALWAYS_SEARCH_USER_PATHS = NO;
				CLANG_CXX_LANGUAGE_STANDARD = "gnu++0x";
				CLANG_CXX_LIBRARY = "libc++";
				CLANG_ENABLE_MODULES = YES;
				CLANG_ENABLE_OBJC_ARC = YES;
				CLANG_WARN_BOOL_CONVERSION = YES;
				CLANG_WARN_CONSTANT_CONVERSION = YES;
				CLANG_WARN_DIRECT_OBJC_ISA_USAGE = YES_ERROR;
				CLANG_WARN_EMPTY_BODY = YES;
				CLANG_WARN_ENUM_CONVERSION = YES;
				CLANG_WARN_INT_CONVERSION = YES;
				CLANG_WARN_OBJC_ROOT_CLASS = YES_ERROR;
				CLANG_WARN_UNREACHABLE_CODE = YES;
				CLANG_WARN__DUPLICATE_METHOD_MATCH = YES;
				"CODE_SIGN_IDENTITY[sdk=iphoneos*]" = "iPhone Developer";
				COPY_PHASE_STRIP = NO;
				DEBUG_INFORMATION_FORMAT = dwarf;
				ENABLE_STRICT_OBJC_MSGSEND = YES;
				ENABLE_TESTABILITY = YES;
				GCC_C_LANGUAGE_STANDARD = gnu99;
				GCC_DYNAMIC_NO_PIC = NO;
				GCC_NO_COMMON_BLOCKS = YES;
				GCC_OPTIMIZATION_LEVEL = 0;
				GCC_PREPROCESSOR_DEFINITIONS = (
					"DEBUG=1",
					"$(inherited)",
				);
				GCC_WARN_64_TO_32_BIT_CONVERSION = YES;
				GCC_WARN_ABOUT_RETURN_TYPE = YES_ERROR;
				GCC_WARN_UNDECLARED_SELECTOR = YES;
				GCC_WARN_UNINITIALIZED_AUTOS = YES_AGGRESSIVE;
				GCC_WARN_UNUSED_FUNCTION = YES;
				GCC_WARN_UNUSED_VARIABLE = YES;
				IPHONEOS_DEPLOYMENT_TARGET = 9.1;
				MTL_ENABLE_DEBUG_INFO = YES;
				ONLY_ACTIVE_ARCH = YES;
				SDKROOT = iphoneos;
			};
			name = Debug;
		};
		E25299841C11A3C200E829C5 /* Release */ = {
			isa = XCBuildConfiguration;
			buildSettings = {
				ALWAYS_SEARCH_USER_PATHS = NO;
				CLANG_CXX_LANGUAGE_STANDARD = "gnu++0x";
				CLANG_CXX_LIBRARY = "libc++";
				CLANG_ENABLE_MODULES = YES;
				CLANG_ENABLE_OBJC_ARC = YES;
				CLANG_WARN_BOOL_CONVERSION = YES;
				CLANG_WARN_CONSTANT_CONVERSION = YES;
				CLANG_WARN_DIRECT_OBJC_ISA_USAGE = YES_ERROR;
				CLANG_WARN_EMPTY_BODY = YES;
				CLANG_WARN_ENUM_CONVERSION = YES;
				CLANG_WARN_INT_CONVERSION = YES;
				CLANG_WARN_OBJC_ROOT_CLASS = YES_ERROR;
				CLANG_WARN_UNREACHABLE_CODE = YES;
				CLANG_WARN__DUPLICATE_METHOD_MATCH = YES;
				"CODE_SIGN_IDENTITY[sdk=iphoneos*]" = "iPhone Developer";
				COPY_PHASE_STRIP = NO;
				DEBUG_INFORMATION_FORMAT = "dwarf-with-dsym";
				ENABLE_NS_ASSERTIONS = NO;
				ENABLE_STRICT_OBJC_MSGSEND = YES;
				GCC_C_LANGUAGE_STANDARD = gnu99;
				GCC_NO_COMMON_BLOCKS = YES;
				GCC_WARN_64_TO_32_BIT_CONVERSION = YES;
				GCC_WARN_ABOUT_RETURN_TYPE = YES_ERROR;
				GCC_WARN_UNDECLARED_SELECTOR = YES;
				GCC_WARN_UNINITIALIZED_AUTOS = YES_AGGRESSIVE;
				GCC_WARN_UNUSED_FUNCTION = YES;
				GCC_WARN_UNUSED_VARIABLE = YES;
				IPHONEOS_DEPLOYMENT_TARGET = 9.1;
				MTL_ENABLE_DEBUG_INFO = NO;
				SDKROOT = iphoneos;
				VALIDATE_PRODUCT = YES;
			};
			name = Release;
		};
		E25299861C11A3C200E829C5 /* Debug */ = {
			isa = XCBuildConfiguration;
			buildSettings = {
				ASSETCATALOG_COMPILER_APPICON_NAME = AppIcon;
				INFOPLIST_FILE = CallBack_Demo/Info.plist;
				LD_RUNPATH_SEARCH_PATHS = "$(inherited) @executable_path/Frameworks";
				PRODUCT_BUNDLE_IDENTIFIER = "---.CallBack-Demo";
				PRODUCT_NAME = Callback_Demo.temp_caseinsensitive_rename;
			};
			name = Debug;
		};
		E25299871C11A3C200E829C5 /* Release */ = {
			isa = XCBuildConfiguration;
			buildSettings = {
				ASSETCATALOG_COMPILER_APPICON_NAME = AppIcon;
				INFOPLIST_FILE = CallBack_Demo/Info.plist;
				LD_RUNPATH_SEARCH_PATHS = "$(inherited) @executable_path/Frameworks";
				PRODUCT_BUNDLE_IDENTIFIER = "---.CallBack-Demo";
				PRODUCT_NAME = Callback_Demo.temp_caseinsensitive_rename;
			};
			name = Release;
		};
/* End XCBuildConfiguration section */

/* Begin XCConfigurationList section */
		E25299691C11A3C200E829C5 /* Build configuration list for PBXProject "Callback_Demo" */ = {
			isa = XCConfigurationList;
			buildConfigurations = (
				E25299831C11A3C200E829C5 /* Debug */,
				E25299841C11A3C200E829C5 /* Release */,
			);
			defaultConfigurationIsVisible = 0;
			defaultConfigurationName = Release;
		};
		E25299851C11A3C200E829C5 /* Build configuration list for PBXNativeTarget "CallBack_Demo" */ = {
			isa = XCConfigurationList;
			buildConfigurations = (
				E25299861C11A3C200E829C5 /* Debug */,
				E25299871C11A3C200E829C5 /* Release */,
			);
			defaultConfigurationIsVisible = 0;
		};
/* End XCConfigurationList section */
	};
	rootObject = E25299661C11A3C200E829C5 /* Project object */;
}
